// !$*UTF8*$!
{
	archiveVersion = 1;
	classes = {
	};
	objectVersion = 50;
	objects = {

/* Begin PBXBuildFile section */
		B1D760A725DBFE92000114F6 /* AppDelegate.swift in Sources */ = {isa = PBXBuildFile; fileRef = B1D760A625DBFE92000114F6 /* AppDelegate.swift */; };
		B1D760A925DBFE92000114F6 /* SceneDelegate.swift in Sources */ = {isa = PBXBuildFile; fileRef = B1D760A825DBFE92000114F6 /* SceneDelegate.swift */; };
		B1D760AB25DBFE92000114F6 /* ViewController.swift in Sources */ = {isa = PBXBuildFile; fileRef = B1D760AA25DBFE92000114F6 /* ViewController.swift */; };
		B1D760AE25DBFE92000114F6 /* Main.storyboard in Resources */ = {isa = PBXBuildFile; fileRef = B1D760AC25DBFE92000114F6 /* Main.storyboard */; };
		B1D760B025DBFE93000114F6 /* Assets.xcassets in Resources */ = {isa = PBXBuildFile; fileRef = B1D760AF25DBFE93000114F6 /* Assets.xcassets */; };
		B1D760B325DBFE93000114F6 /* LaunchScreen.storyboard in Resources */ = {isa = PBXBuildFile; fileRef = B1D760B125DBFE93000114F6 /* LaunchScreen.storyboard */; };
		B1D760BE25DBFE93000114F6 /* IMCCalculatorTests.swift in Sources */ = {isa = PBXBuildFile; fileRef = B1D760BD25DBFE93000114F6 /* IMCCalculatorTests.swift */; };
		B1D760D725DC080E000114F6 /* TelaResultadosViewController.swift in Sources */ = {isa = PBXBuildFile; fileRef = B1D760D625DC080E000114F6 /* TelaResultadosViewController.swift */; };
/* End PBXBuildFile section */

/* Begin PBXContainerItemProxy section */
		B1D760BA25DBFE93000114F6 /* PBXContainerItemProxy */ = {
			isa = PBXContainerItemProxy;
			containerPortal = B1D7609B25DBFE92000114F6 /* Project object */;
			proxyType = 1;
			remoteGlobalIDString = B1D760A225DBFE92000114F6;
			remoteInfo = IMCCalculator;
		};
/* End PBXContainerItemProxy section */

/* Begin PBXFileReference section */
		B1D760A325DBFE92000114F6 /* IMCCalculator.app */ = {isa = PBXFileReference; explicitFileType = wrapper.application; includeInIndex = 0; path = IMCCalculator.app; sourceTree = BUILT_PRODUCTS_DIR; };
		B1D760A625DBFE92000114F6 /* AppDelegate.swift */ = {isa = PBXFileReference; lastKnownFileType = sourcecode.swift; path = AppDelegate.swift; sourceTree = "<group>"; };
		B1D760A825DBFE92000114F6 /* SceneDelegate.swift */ = {isa = PBXFileReference; lastKnownFileType = sourcecode.swift; path = SceneDelegate.swift; sourceTree = "<group>"; };
		B1D760AA25DBFE92000114F6 /* ViewController.swift */ = {isa = PBXFileReference; lastKnownFileType = sourcecode.swift; path = ViewController.swift; sourceTree = "<group>"; };
		B1D760AD25DBFE92000114F6 /* Base */ = {isa = PBXFileReference; lastKnownFileType = file.storyboard; name = Base; path = Base.lproj/Main.storyboard; sourceTree = "<group>"; };
		B1D760AF25DBFE93000114F6 /* Assets.xcassets */ = {isa = PBXFileReference; lastKnownFileType = folder.assetcatalog; path = Assets.xcassets; sourceTree = "<group>"; };
		B1D760B225DBFE93000114F6 /* Base */ = {isa = PBXFileReference; lastKnownFileType = file.storyboard; name = Base; path = Base.lproj/LaunchScreen.storyboard; sourceTree = "<group>"; };
		B1D760B425DBFE93000114F6 /* Info.plist */ = {isa = PBXFileReference; lastKnownFileType = text.plist.xml; path = Info.plist; sourceTree = "<group>"; };
		B1D760B925DBFE93000114F6 /* IMCCalculatorTests.xctest */ = {isa = PBXFileReference; explicitFileType = wrapper.cfbundle; includeInIndex = 0; path = IMCCalculatorTests.xctest; sourceTree = BUILT_PRODUCTS_DIR; };
		B1D760BD25DBFE93000114F6 /* IMCCalculatorTests.swift */ = {isa = PBXFileReference; lastKnownFileType = sourcecode.swift; path = IMCCalculatorTests.swift; sourceTree = "<group>"; };
		B1D760BF25DBFE93000114F6 /* Info.plist */ = {isa = PBXFileReference; lastKnownFileType = text.plist.xml; path = Info.plist; sourceTree = "<group>"; };
		B1D760D625DC080E000114F6 /* TelaResultadosViewController.swift */ = {isa = PBXFileReference; lastKnownFileType = sourcecode.swift; path = TelaResultadosViewController.swift; sourceTree = "<group>"; };
/* End PBXFileReference section */

/* Begin PBXFrameworksBuildPhase section */
		B1D760A025DBFE92000114F6 /* Frameworks */ = {
			isa = PBXFrameworksBuildPhase;
			buildActionMask = 2147483647;
			files = (
			);
			runOnlyForDeploymentPostprocessing = 0;
		};
		B1D760B625DBFE93000114F6 /* Frameworks */ = {
			isa = PBXFrameworksBuildPhase;
			buildActionMask = 2147483647;
			files = (
			);
			runOnlyForDeploymentPostprocessing = 0;
		};
/* End PBXFrameworksBuildPhase section */

/* Begin PBXGroup section */
		B1D7609A25DBFE92000114F6 = {
			isa = PBXGroup;
			children = (
				B1D760A525DBFE92000114F6 /* IMCCalculator */,
				B1D760BC25DBFE93000114F6 /* IMCCalculatorTests */,
				B1D760A425DBFE92000114F6 /* Products */,
			);
			sourceTree = "<group>";
		};
		B1D760A425DBFE92000114F6 /* Products */ = {
			isa = PBXGroup;
			children = (
				B1D760A325DBFE92000114F6 /* IMCCalculator.app */,
				B1D760B925DBFE93000114F6 /* IMCCalculatorTests.xctest */,
			);
			name = Products;
			sourceTree = "<group>";
		};
		B1D760A525DBFE92000114F6 /* IMCCalculator */ = {
			isa = PBXGroup;
			children = (
				B1D760A625DBFE92000114F6 /* AppDelegate.swift */,
				B1D760A825DBFE92000114F6 /* SceneDelegate.swift */,
				B1D760AA25DBFE92000114F6 /* ViewController.swift */,
				B1D760AC25DBFE92000114F6 /* Main.storyboard */,
				B1D760D625DC080E000114F6 /* TelaResultadosViewController.swift */,
				B1D760AF25DBFE93000114F6 /* Assets.xcassets */,
				B1D760B125DBFE93000114F6 /* LaunchScreen.storyboard */,
				B1D760B425DBFE93000114F6 /* Info.plist */,
			);
			path = IMCCalculator;
			sourceTree = "<group>";
		};
		B1D760BC25DBFE93000114F6 /* IMCCalculatorTests */ = {
			isa = PBXGroup;
			children = (
				B1D760BD25DBFE93000114F6 /* IMCCalculatorTests.swift */,
				B1D760BF25DBFE93000114F6 /* Info.plist */,
			);
			path = IMCCalculatorTests;
			sourceTree = "<group>";
		};
/* End PBXGroup section */

/* Begin PBXNativeTarget section */
		B1D760A225DBFE92000114F6 /* IMCCalculator */ = {
			isa = PBXNativeTarget;
			buildConfigurationList = B1D760CD25DBFE93000114F6 /* Build configuration list for PBXNativeTarget "IMCCalculator" */;
			buildPhases = (
				B1D7609F25DBFE92000114F6 /* Sources */,
				B1D760A025DBFE92000114F6 /* Frameworks */,
				B1D760A125DBFE92000114F6 /* Resources */,
			);
			buildRules = (
			);
			dependencies = (
			);
			name = IMCCalculator;
			productName = IMCCalculator;
			productReference = B1D760A325DBFE92000114F6 /* IMCCalculator.app */;
			productType = "com.apple.product-type.application";
		};
		B1D760B825DBFE93000114F6 /* IMCCalculatorTests */ = {
			isa = PBXNativeTarget;
			buildConfigurationList = B1D760D025DBFE93000114F6 /* Build configuration list for PBXNativeTarget "IMCCalculatorTests" */;
			buildPhases = (
				B1D760B525DBFE93000114F6 /* Sources */,
				B1D760B625DBFE93000114F6 /* Frameworks */,
				B1D760B725DBFE93000114F6 /* Resources */,
			);
			buildRules = (
			);
			dependencies = (
				B1D760BB25DBFE93000114F6 /* PBXTargetDependency */,
			);
			name = IMCCalculatorTests;
			productName = IMCCalculatorTests;
			productReference = B1D760B925DBFE93000114F6 /* IMCCalculatorTests.xctest */;
			productType = "com.apple.product-type.bundle.unit-test";
		};
/* End PBXNativeTarget section */

/* Begin PBXProject section */
		B1D7609B25DBFE92000114F6 /* Project object */ = {
			isa = PBXProject;
			attributes = {
				LastSwiftUpdateCheck = 1170;
				LastUpgradeCheck = 1170;
				ORGANIZATIONNAME = "Eduardo Finotti";
				TargetAttributes = {
					B1D760A225DBFE92000114F6 = {
						CreatedOnToolsVersion = 11.7;
					};
					B1D760B825DBFE93000114F6 = {
						CreatedOnToolsVersion = 11.7;
						TestTargetID = B1D760A225DBFE92000114F6;
					};
				};
			};
			buildConfigurationList = B1D7609E25DBFE92000114F6 /* Build configuration list for PBXProject "IMCCalculator" */;
			compatibilityVersion = "Xcode 9.3";
			developmentRegion = en;
			hasScannedForEncodings = 0;
			knownRegions = (
				en,
				Base,
			);
			mainGroup = B1D7609A25DBFE92000114F6;
			productRefGroup = B1D760A425DBFE92000114F6 /* Products */;
			projectDirPath = "";
			projectRoot = "";
			targets = (
				B1D760A225DBFE92000114F6 /* IMCCalculator */,
				B1D760B825DBFE93000114F6 /* IMCCalculatorTests */,
			);
		};
/* End PBXProject section */

/* Begin PBXResourcesBuildPhase section */
		B1D760A125DBFE92000114F6 /* Resources */ = {
			isa = PBXResourcesBuildPhase;
			buildActionMask = 2147483647;
			files = (
				B1D760B325DBFE93000114F6 /* LaunchScreen.storyboard in Resources */,
				B1D760B025DBFE93000114F6 /* Assets.xcassets in Resources */,
				B1D760AE25DBFE92000114F6 /* Main.storyboard in Resources */,
			);
			runOnlyForDeploymentPostprocessing = 0;
		};
		B1D760B725DBFE93000114F6 /* Resources */ = {
			isa = PBXResourcesBuildPhase;
			buildActionMask = 2147483647;
			files = (
			);
			runOnlyForDeploymentPostprocessing = 0;
		};
/* End PBXResourcesBuildPhase section */

/* Begin PBXSourcesBuildPhase section */
		B1D7609F25DBFE92000114F6 /* Sources */ = {
			isa = PBXSourcesBuildPhase;
			buildActionMask = 2147483647;
			files = (
				B1D760D725DC080E000114F6 /* TelaResultadosViewController.swift in Sources */,
				B1D760AB25DBFE92000114F6 /* ViewController.swift in Sources */,
				B1D760A725DBFE92000114F6 /* AppDelegate.swift in Sources */,
				B1D760A925DBFE92000114F6 /* SceneDelegate.swift in Sources */,
			);
			runOnlyForDeploymentPostprocessing = 0;
		};
		B1D760B525DBFE93000114F6 /* Sources */ = {
			isa = PBXSourcesBuildPhase;
			buildActionMask = 2147483647;
			files = (
				B1D760BE25DBFE93000114F6 /* IMCCalculatorTests.swift in Sources */,
			);
			runOnlyForDeploymentPostprocessing = 0;
		};
/* End PBXSourcesBuildPhase section */

/* Begin PBXTargetDependency section */
		B1D760BB25DBFE93000114F6 /* PBXTargetDependency */ = {
			isa = PBXTargetDependency;
			target = B1D760A225DBFE92000114F6 /* IMCCalculator */;
			targetProxy = B1D760BA25DBFE93000114F6 /* PBXContainerItemProxy */;
		};
/* End PBXTargetDependency section */

/* Begin PBXVariantGroup section */
		B1D760AC25DBFE92000114F6 /* Main.storyboard */ = {
			isa = PBXVariantGroup;
			children = (
				B1D760AD25DBFE92000114F6 /* Base */,
			);
			name = Main.storyboard;
			sourceTree = "<group>";
		};
		B1D760B125DBFE93000114F6 /* LaunchScreen.storyboard */ = {
			isa = PBXVariantGroup;
			children = (
				B1D760B225DBFE93000114F6 /* Base */,
			);
			name = LaunchScreen.storyboard;
			sourceTree = "<group>";
		};
/* End PBXVariantGroup section */

/* Begin XCBuildConfiguration section */
		B1D760CB25DBFE93000114F6 /* Debug */ = {
			isa = XCBuildConfiguration;
			buildSettings = {
				ALWAYS_SEARCH_USER_PATHS = NO;
				CLANG_ANALYZER_NONNULL = YES;
				CLANG_ANALYZER_NUMBER_OBJECT_CONVERSION = YES_AGGRESSIVE;
				CLANG_CXX_LANGUAGE_STANDARD = "gnu++14";
				CLANG_CXX_LIBRARY = "libc++";
				CLANG_ENABLE_MODULES = YES;
				CLANG_ENABLE_OBJC_ARC = YES;
				CLANG_ENABLE_OBJC_WEAK = YES;
				CLANG_WARN_BLOCK_CAPTURE_AUTORELEASING = YES;
				CLANG_WARN_BOOL_CONVERSION = YES;
				CLANG_WARN_COMMA = YES;
				CLANG_WARN_CONSTANT_CONVERSION = YES;
				CLANG_WARN_DEPRECATED_OBJC_IMPLEMENTATIONS = YES;
				CLANG_WARN_DIRECT_OBJC_ISA_USAGE = YES_ERROR;
				CLANG_WARN_DOCUMENTATION_COMMENTS = YES;
				CLANG_WARN_EMPTY_BODY = YES;
				CLANG_WARN_ENUM_CONVERSION = YES;
				CLANG_WARN_INFINITE_RECURSION = YES;
				CLANG_WARN_INT_CONVERSION = YES;
				CLANG_WARN_NON_LITERAL_NULL_CONVERSION = YES;
				CLANG_WARN_OBJC_IMPLICIT_RETAIN_SELF = YES;
				CLANG_WARN_OBJC_LITERAL_CONVERSION = YES;
				CLANG_WARN_OBJC_ROOT_CLASS = YES_ERROR;
				CLANG_WARN_RANGE_LOOP_ANALYSIS = YES;
				CLANG_WARN_STRICT_PROTOTYPES = YES;
				CLANG_WARN_SUSPICIOUS_MOVE = YES;
				CLANG_WARN_UNGUARDED_AVAILABILITY = YES_AGGRESSIVE;
				CLANG_WARN_UNREACHABLE_CODE = YES;
				CLANG_WARN__DUPLICATE_METHOD_MATCH = YES;
				COPY_PHASE_STRIP = NO;
				DEBUG_INFORMATION_FORMAT = dwarf;
				ENABLE_STRICT_OBJC_MSGSEND = YES;
				ENABLE_TESTABILITY = YES;
				GCC_C_LANGUAGE_STANDARD = gnu11;
				GCC_DYNAMIC_NO_PIC = NO;
				GCC_NO_COMMON_BLOCKS = YES;
				GCC_OPTIMIZATION_LEVEL = 0;
				GCC_PREPROCESSOR_DEFINITIONS = (
					"DEBUG=1",
					"$(inherited)",
				);
				GCC_WARN_64_TO_32_BIT_CONVERSION = YES;
				GCC_WARN_ABOUT_RETURN_TYPE = YES_ERROR;
				GCC_WARN_UNDECLARED_SELECTOR = YES;
				GCC_WARN_UNINITIALIZED_AUTOS = YES_AGGRESSIVE;
				GCC_WARN_UNUSED_FUNCTION = YES;
				GCC_WARN_UNUSED_VARIABLE = YES;
				IPHONEOS_DEPLOYMENT_TARGET = 13.5;
				MTL_ENABLE_DEBUG_INFO = INCLUDE_SOURCE;
				MTL_FAST_MATH = YES;
				ONLY_ACTIVE_ARCH = YES;
				SDKROOT = iphoneos;
				SWIFT_ACTIVE_COMPILATION_CONDITIONS = DEBUG;
				SWIFT_OPTIMIZATION_LEVEL = "-Onone";
			};
			name = Debug;
		};
		B1D760CC25DBFE93000114F6 /* Release */ = {
			isa = XCBuildConfiguration;
			buildSettings = {
				ALWAYS_SEARCH_USER_PATHS = NO;
				CLANG_ANALYZER_NONNULL = YES;
				CLANG_ANALYZER_NUMBER_OBJECT_CONVERSION = YES_AGGRESSIVE;
				CLANG_CXX_LANGUAGE_STANDARD = "gnu++14";
				CLANG_CXX_LIBRARY = "libc++";
				CLANG_ENABLE_MODULES = YES;
				CLANG_ENABLE_OBJC_ARC = YES;
				CLANG_ENABLE_OBJC_WEAK = YES;
				CLANG_WARN_BLOCK_CAPTURE_AUTORELEASING = YES;
				CLANG_WARN_BOOL_CONVERSION = YES;
				CLANG_WARN_COMMA = YES;
				CLANG_WARN_CONSTANT_CONVERSION = YES;
				CLANG_WARN_DEPRECATED_OBJC_IMPLEMENTATIONS = YES;
				CLANG_WARN_DIRECT_OBJC_ISA_USAGE = YES_ERROR;
				CLANG_WARN_DOCUMENTATION_COMMENTS = YES;
				CLANG_WARN_EMPTY_BODY = YES;
				CLANG_WARN_ENUM_CONVERSION = YES;
				CLANG_WARN_INFINITE_RECURSION = YES;
				CLANG_WARN_INT_CONVERSION = YES;
				CLANG_WARN_NON_LITERAL_NULL_CONVERSION = YES;
				CLANG_WARN_OBJC_IMPLICIT_RETAIN_SELF = YES;
				CLANG_WARN_OBJC_LITERAL_CONVERSION = YES;
				CLANG_WARN_OBJC_ROOT_CLASS = YES_ERROR;
				CLANG_WARN_RANGE_LOOP_ANALYSIS = YES;
				CLANG_WARN_STRICT_PROTOTYPES = YES;
				CLANG_WARN_SUSPICIOUS_MOVE = YES;
				CLANG_WARN_UNGUARDED_AVAILABILITY = YES_AGGRESSIVE;
				CLANG_WARN_UNREACHABLE_CODE = YES;
				CLANG_WARN__DUPLICATE_METHOD_MATCH = YES;
				COPY_PHASE_STRIP = NO;
				DEBUG_INFORMATION_FORMAT = "dwarf-with-dsym";
				ENABLE_NS_ASSERTIONS = NO;
				ENABLE_STRICT_OBJC_MSGSEND = YES;
				GCC_C_LANGUAGE_STANDARD = gnu11;
				GCC_NO_COMMON_BLOCKS = YES;
				GCC_WARN_64_TO_32_BIT_CONVERSION = YES;
				GCC_WARN_ABOUT_RETURN_TYPE = YES_ERROR;
				GCC_WARN_UNDECLARED_SELECTOR = YES;
				GCC_WARN_UNINITIALIZED_AUTOS = YES_AGGRESSIVE;
				GCC_WARN_UNUSED_FUNCTION = YES;
				GCC_WARN_UNUSED_VARIABLE = YES;
				IPHONEOS_DEPLOYMENT_TARGET = 13.5;
				MTL_ENABLE_DEBUG_INFO = NO;
				MTL_FAST_MATH = YES;
				SDKROOT = iphoneos;
				SWIFT_COMPILATION_MODE = wholemodule;
				SWIFT_OPTIMIZATION_LEVEL = "-O";
				VALIDATE_PRODUCT = YES;
			};
			name = Release;
		};
		B1D760CE25DBFE93000114F6 /* Debug */ = {
			isa = XCBuildConfiguration;
			buildSettings = {
				ASSETCATALOG_COMPILER_APPICON_NAME = AppIcon;
				CODE_SIGN_STYLE = Automatic;
				DEVELOPMENT_TEAM = 5ARWMY2A6V;
				INFOPLIST_FILE = IMCCalculator/Info.plist;
				LD_RUNPATH_SEARCH_PATHS = (
					"$(inherited)",
					"@executable_path/Frameworks",
				);
				PRODUCT_BUNDLE_IDENTIFIER = com.finotti.IMCCalculator;
				PRODUCT_NAME = "$(TARGET_NAME)";
				SWIFT_VERSION = 5.0;
				TARGETED_DEVICE_FAMILY = "1,2";
			};
			name = Debug;
		};
		B1D760CF25DBFE93000114F6 /* Release */ = {
			isa = XCBuildConfiguration;
			buildSettings = {
				ASSETCATALOG_COMPILER_APPICON_NAME = AppIcon;
				CODE_SIGN_STYLE = Automatic;
				DEVELOPMENT_TEAM = 5ARWMY2A6V;
				INFOPLIST_FILE = IMCCalculator/Info.plist;
				LD_RUNPATH_SEARCH_PATHS = (
					"$(inherited)",
					"@executable_path/Frameworks",
				);
				PRODUCT_BUNDLE_IDENTIFIER = com.finotti.IMCCalculator;
				PRODUCT_NAME = "$(TARGET_NAME)";
				SWIFT_VERSION = 5.0;
				TARGETED_DEVICE_FAMILY = "1,2";
			};
			name = Release;
		};
		B1D760D125DBFE93000114F6 /* Debug */ = {
			isa = XCBuildConfiguration;
			buildSettings = {
				ALWAYS_EMBED_SWIFT_STANDARD_LIBRARIES = YES;
				BUNDLE_LOADER = "$(TEST_HOST)";
				CODE_SIGN_STYLE = Automatic;
				DEVELOPMENT_TEAM = 5ARWMY2A6V;
				INFOPLIST_FILE = IMCCalculatorTests/Info.plist;
				IPHONEOS_DEPLOYMENT_TARGET = 13.7;
				LD_RUNPATH_SEARCH_PATHS = (
					"$(inherited)",
					"@executable_path/Frameworks",
					"@loader_path/Frameworks",
				);
				PRODUCT_BUNDLE_IDENTIFIER = com.finotti.IMCCalculatorTests;
				PRODUCT_NAME = "$(TARGET_NAME)";
				SWIFT_VERSION = 5.0;
				TARGETED_DEVICE_FAMILY = "1,2";
				TEST_HOST = "$(BUILT_PRODUCTS_DIR)/IMCCalculator.app/IMCCalculator";
			};
			name = Debug;
		};
		B1D760D225DBFE93000114F6 /* Release */ = {
			isa = XCBuildConfiguration;
			buildSettings = {
				ALWAYS_EMBED_SWIFT_STANDARD_LIBRARIES = YES;
				BUNDLE_LOADER = "$(TEST_HOST)";
				CODE_SIGN_STYLE = Automatic;
				DEVELOPMENT_TEAM = 5ARWMY2A6V;
				INFOPLIST_FILE = IMCCalculatorTests/Info.plist;
				IPHONEOS_DEPLOYMENT_TARGET = 13.7;
				LD_RUNPATH_SEARCH_PATHS = (
					"$(inherited)",
					"@executable_path/Frameworks",
					"@loader_path/Frameworks",
				);
				PRODUCT_BUNDLE_IDENTIFIER = com.finotti.IMCCalculatorTests;
				PRODUCT_NAME = "$(TARGET_NAME)";
				SWIFT_VERSION = 5.0;
				TARGETED_DEVICE_FAMILY = "1,2";
				TEST_HOST = "$(BUILT_PRODUCTS_DIR)/IMCCalculator.app/IMCCalculator";
			};
			name = Release;
		};
/* End XCBuildConfiguration section */

/* Begin XCConfigurationList section */
		B1D7609E25DBFE92000114F6 /* Build configuration list for PBXProject "IMCCalculator" */ = {
			isa = XCConfigurationList;
			buildConfigurations = (
				B1D760CB25DBFE93000114F6 /* Debug */,
				B1D760CC25DBFE93000114F6 /* Release */,
			);
			defaultConfigurationIsVisible = 0;
			defaultConfigurationName = Release;
		};
		B1D760CD25DBFE93000114F6 /* Build configuration list for PBXNativeTarget "IMCCalculator" */ = {
			isa = XCConfigurationList;
			buildConfigurations = (
				B1D760CE25DBFE93000114F6 /* Debug */,
				B1D760CF25DBFE93000114F6 /* Release */,
			);
			defaultConfigurationIsVisible = 0;
			defaultConfigurationName = Release;
		};
		B1D760D025DBFE93000114F6 /* Build configuration list for PBXNativeTarget "IMCCalculatorTests" */ = {
			isa = XCConfigurationList;
			buildConfigurations = (
				B1D760D125DBFE93000114F6 /* Debug */,
				B1D760D225DBFE93000114F6 /* Release */,
			);
			defaultConfigurationIsVisible = 0;
			defaultConfigurationName = Release;
		};
/* End XCConfigurationList section */
	};
	rootObject = B1D7609B25DBFE92000114F6 /* Project object */;
}
